
Microsoft Visual Studio Solution File, Format Version 11.00
# Visual Studio 2010
Project("{8BC9CEB8-8B4A-11D0-8D11-00A0C91BC942}") = "MatrxLib", "MatrxLib\MatrxLib.vcxproj", "{323A30F9-25B6-4A1A-860E-0E267C20F0CF}"
EndProject
Global
	GlobalSection(SolutionConfigurationPlatforms) = preSolution
		Debug|Win32 = Debug|Win32
		Release|Win32 = Release|Win32
	EndGlobalSection
	GlobalSection(ProjectConfigurationPlatforms) = postSolution
		{323A30F9-25B6-4A1A-860E-0E267C20F0CF}.Debug|Win32.ActiveCfg = Debug|Win32
		{323A30F9-25B6-4A1A-860E-0E267C20F0CF}.Debug|Win32.Build.0 = Debug|Win32
		{323A30F9-25B6-4A1A-860E-0E267C20F0CF}.Release|Win32.ActiveCfg = Release|Win32
		{323A30F9-25B6-4A1A-860E-0E267C20F0CF}.Release|Win32.Build.0 = Release|Win32
	EndGlobalSection
	GlobalSection(SolutionProperties) = preSolution
		HideSolutionNode = FALSE
	EndGlobalSection
EndGlobal
